// !$*UTF8*$!
{
	archiveVersion = 1;
	classes = {
	};
	objectVersion = 55;
	objects = {

/* Begin PBXBuildFile section */
		34C78E2228A629B100FCEF0D /* AppDelegate.swift in Sources */ = {isa = PBXBuildFile; fileRef = 34C78E2128A629B100FCEF0D /* AppDelegate.swift */; };
		34C78E2428A629B100FCEF0D /* SceneDelegate.swift in Sources */ = {isa = PBXBuildFile; fileRef = 34C78E2328A629B100FCEF0D /* SceneDelegate.swift */; };
		34C78E2928A629B100FCEF0D /* Main.storyboard in Resources */ = {isa = PBXBuildFile; fileRef = 34C78E2728A629B100FCEF0D /* Main.storyboard */; };
		34C78E2B28A629B400FCEF0D /* Assets.xcassets in Resources */ = {isa = PBXBuildFile; fileRef = 34C78E2A28A629B400FCEF0D /* Assets.xcassets */; };
		34C78E2E28A629B400FCEF0D /* LaunchScreen.storyboard in Resources */ = {isa = PBXBuildFile; fileRef = 34C78E2C28A629B400FCEF0D /* LaunchScreen.storyboard */; };
		34C78E3928A659B500FCEF0D /* TrackTableViewController.swift in Sources */ = {isa = PBXBuildFile; fileRef = 34C78E3828A659B500FCEF0D /* TrackTableViewController.swift */; };
		34C78E3B28A659C500FCEF0D /* MovieTableViewController.swift in Sources */ = {isa = PBXBuildFile; fileRef = 34C78E3A28A659C500FCEF0D /* MovieTableViewController.swift */; };
		34C78E3E28A65F1400FCEF0D /* DataManager.swift in Sources */ = {isa = PBXBuildFile; fileRef = 34C78E3D28A65F1400FCEF0D /* DataManager.swift */; };
		34C78E4028A65FEA00FCEF0D /* Song.swift in Sources */ = {isa = PBXBuildFile; fileRef = 34C78E3F28A65FEA00FCEF0D /* Song.swift */; };
		34C78E4228A661AE00FCEF0D /* Movie.swift in Sources */ = {isa = PBXBuildFile; fileRef = 34C78E4128A661AE00FCEF0D /* Movie.swift */; };
		34C78E4428A6634B00FCEF0D /* DetailViewController.swift in Sources */ = {isa = PBXBuildFile; fileRef = 34C78E4328A6634B00FCEF0D /* DetailViewController.swift */; };
		34C78E4628A666AB00FCEF0D /* MovieTableViewCell.swift in Sources */ = {isa = PBXBuildFile; fileRef = 34C78E4528A666AB00FCEF0D /* MovieTableViewCell.swift */; };
		34F6FEED28ABBF040016C26F /* MovieDetailViewController.swift in Sources */ = {isa = PBXBuildFile; fileRef = 34F6FEEC28ABBF040016C26F /* MovieDetailViewController.swift */; };
		34F6FEF028ABCE650016C26F /* WebKit.framework in Frameworks */ = {isa = PBXBuildFile; fileRef = 34F6FEEF28ABCE650016C26F /* WebKit.framework */; };
/* End PBXBuildFile section */

/* Begin PBXFileReference section */
		34C78E1E28A629B100FCEF0D /* TableList.app */ = {isa = PBXFileReference; explicitFileType = wrapper.application; includeInIndex = 0; path = TableList.app; sourceTree = BUILT_PRODUCTS_DIR; };
		34C78E2128A629B100FCEF0D /* AppDelegate.swift */ = {isa = PBXFileReference; lastKnownFileType = sourcecode.swift; path = AppDelegate.swift; sourceTree = "<group>"; };
		34C78E2328A629B100FCEF0D /* SceneDelegate.swift */ = {isa = PBXFileReference; lastKnownFileType = sourcecode.swift; path = SceneDelegate.swift; sourceTree = "<group>"; };
		34C78E2828A629B100FCEF0D /* Base */ = {isa = PBXFileReference; lastKnownFileType = file.storyboard; name = Base; path = Base.lproj/Main.storyboard; sourceTree = "<group>"; };
		34C78E2A28A629B400FCEF0D /* Assets.xcassets */ = {isa = PBXFileReference; lastKnownFileType = folder.assetcatalog; path = Assets.xcassets; sourceTree = "<group>"; };
		34C78E2D28A629B400FCEF0D /* Base */ = {isa = PBXFileReference; lastKnownFileType = file.storyboard; name = Base; path = Base.lproj/LaunchScreen.storyboard; sourceTree = "<group>"; };
		34C78E2F28A629B400FCEF0D /* Info.plist */ = {isa = PBXFileReference; lastKnownFileType = text.plist.xml; path = Info.plist; sourceTree = "<group>"; };
		34C78E3828A659B500FCEF0D /* TrackTableViewController.swift */ = {isa = PBXFileReference; lastKnownFileType = sourcecode.swift; path = TrackTableViewController.swift; sourceTree = "<group>"; };
		34C78E3A28A659C500FCEF0D /* MovieTableViewController.swift */ = {isa = PBXFileReference; lastKnownFileType = sourcecode.swift; path = MovieTableViewController.swift; sourceTree = "<group>"; };
		34C78E3D28A65F1400FCEF0D /* DataManager.swift */ = {isa = PBXFileReference; lastKnownFileType = sourcecode.swift; path = DataManager.swift; sourceTree = "<group>"; };
		34C78E3F28A65FEA00FCEF0D /* Song.swift */ = {isa = PBXFileReference; lastKnownFileType = sourcecode.swift; path = Song.swift; sourceTree = "<group>"; };
		34C78E4128A661AE00FCEF0D /* Movie.swift */ = {isa = PBXFileReference; lastKnownFileType = sourcecode.swift; path = Movie.swift; sourceTree = "<group>"; };
		34C78E4328A6634B00FCEF0D /* DetailViewController.swift */ = {isa = PBXFileReference; lastKnownFileType = sourcecode.swift; path = DetailViewController.swift; sourceTree = "<group>"; };
		34C78E4528A666AB00FCEF0D /* MovieTableViewCell.swift */ = {isa = PBXFileReference; lastKnownFileType = sourcecode.swift; path = MovieTableViewCell.swift; sourceTree = "<group>"; };
		34F6FEEC28ABBF040016C26F /* MovieDetailViewController.swift */ = {isa = PBXFileReference; lastKnownFileType = sourcecode.swift; path = MovieDetailViewController.swift; sourceTree = "<group>"; };
		34F6FEEF28ABCE650016C26F /* WebKit.framework */ = {isa = PBXFileReference; lastKnownFileType = wrapper.framework; name = WebKit.framework; path = System/Library/Frameworks/WebKit.framework; sourceTree = SDKROOT; };
/* End PBXFileReference section */

/* Begin PBXFrameworksBuildPhase section */
		34C78E1B28A629B100FCEF0D /* Frameworks */ = {
			isa = PBXFrameworksBuildPhase;
			buildActionMask = 2147483647;
			files = (
				34F6FEF028ABCE650016C26F /* WebKit.framework in Frameworks */,
			);
			runOnlyForDeploymentPostprocessing = 0;
		};
/* End PBXFrameworksBuildPhase section */

/* Begin PBXGroup section */
		34C78E1528A629B100FCEF0D = {
			isa = PBXGroup;
			children = (
				34C78E2028A629B100FCEF0D /* TableList */,
				34C78E1F28A629B100FCEF0D /* Products */,
				34F6FEEE28ABCE650016C26F /* Frameworks */,
			);
			sourceTree = "<group>";
		};
		34C78E1F28A629B100FCEF0D /* Products */ = {
			isa = PBXGroup;
			children = (
				34C78E1E28A629B100FCEF0D /* TableList.app */,
			);
			name = Products;
			sourceTree = "<group>";
		};
		34C78E2028A629B100FCEF0D /* TableList */ = {
			isa = PBXGroup;
			children = (
				34C78E3528A629CE00FCEF0D /* AppDelegate */,
				34C78E3C28A65EC000FCEF0D /* Model */,
				34C78E3728A629E200FCEF0D /* View */,
				34C78E3628A629D800FCEF0D /* Controller */,
				34C78E2A28A629B400FCEF0D /* Assets.xcassets */,
				34C78E2F28A629B400FCEF0D /* Info.plist */,
			);
			path = TableList;
			sourceTree = "<group>";
		};
		34C78E3528A629CE00FCEF0D /* AppDelegate */ = {
			isa = PBXGroup;
			children = (
				34C78E2128A629B100FCEF0D /* AppDelegate.swift */,
				34C78E2328A629B100FCEF0D /* SceneDelegate.swift */,
			);
			path = AppDelegate;
			sourceTree = "<group>";
		};
		34C78E3628A629D800FCEF0D /* Controller */ = {
			isa = PBXGroup;
			children = (
				34C78E3828A659B500FCEF0D /* TrackTableViewController.swift */,
				34C78E3A28A659C500FCEF0D /* MovieTableViewController.swift */,
				34C78E4328A6634B00FCEF0D /* DetailViewController.swift */,
				34C78E4528A666AB00FCEF0D /* MovieTableViewCell.swift */,
				34F6FEEC28ABBF040016C26F /* MovieDetailViewController.swift */,
			);
			path = Controller;
			sourceTree = "<group>";
		};
		34C78E3728A629E200FCEF0D /* View */ = {
			isa = PBXGroup;
			children = (
				34C78E2728A629B100FCEF0D /* Main.storyboard */,
				34C78E2C28A629B400FCEF0D /* LaunchScreen.storyboard */,
			);
			path = View;
			sourceTree = "<group>";
		};
		34C78E3C28A65EC000FCEF0D /* Model */ = {
			isa = PBXGroup;
			children = (
				34C78E3D28A65F1400FCEF0D /* DataManager.swift */,
				34C78E3F28A65FEA00FCEF0D /* Song.swift */,
				34C78E4128A661AE00FCEF0D /* Movie.swift */,
			);
			path = Model;
			sourceTree = "<group>";
		};
		34F6FEEE28ABCE650016C26F /* Frameworks */ = {
			isa = PBXGroup;
			children = (
				34F6FEEF28ABCE650016C26F /* WebKit.framework */,
			);
			name = Frameworks;
			sourceTree = "<group>";
		};
/* End PBXGroup section */

/* Begin PBXNativeTarget section */
		34C78E1D28A629B100FCEF0D /* TableList */ = {
			isa = PBXNativeTarget;
			buildConfigurationList = 34C78E3228A629B400FCEF0D /* Build configuration list for PBXNativeTarget "TableList" */;
			buildPhases = (
				34C78E1A28A629B100FCEF0D /* Sources */,
				34C78E1B28A629B100FCEF0D /* Frameworks */,
				34C78E1C28A629B100FCEF0D /* Resources */,
			);
			buildRules = (
			);
			dependencies = (
			);
			name = TableList;
			productName = TableList;
			productReference = 34C78E1E28A629B100FCEF0D /* TableList.app */;
			productType = "com.apple.product-type.application";
		};
/* End PBXNativeTarget section */

/* Begin PBXProject section */
		34C78E1628A629B100FCEF0D /* Project object */ = {
			isa = PBXProject;
			attributes = {
				BuildIndependentTargetsInParallel = 1;
				LastSwiftUpdateCheck = 1340;
				LastUpgradeCheck = 1340;
				TargetAttributes = {
					34C78E1D28A629B100FCEF0D = {
						CreatedOnToolsVersion = 13.4.1;
					};
				};
			};
			buildConfigurationList = 34C78E1928A629B100FCEF0D /* Build configuration list for PBXProject "TableList" */;
			compatibilityVersion = "Xcode 13.0";
			developmentRegion = en;
			hasScannedForEncodings = 0;
			knownRegions = (
				en,
				Base,
			);
			mainGroup = 34C78E1528A629B100FCEF0D;
			productRefGroup = 34C78E1F28A629B100FCEF0D /* Products */;
			projectDirPath = "";
			projectRoot = "";
			targets = (
				34C78E1D28A629B100FCEF0D /* TableList */,
			);
		};
/* End PBXProject section */

/* Begin PBXResourcesBuildPhase section */
		34C78E1C28A629B100FCEF0D /* Resources */ = {
			isa = PBXResourcesBuildPhase;
			buildActionMask = 2147483647;
			files = (
				34C78E2E28A629B400FCEF0D /* LaunchScreen.storyboard in Resources */,
				34C78E2B28A629B400FCEF0D /* Assets.xcassets in Resources */,
				34C78E2928A629B100FCEF0D /* Main.storyboard in Resources */,
			);
			runOnlyForDeploymentPostprocessing = 0;
		};
/* End PBXResourcesBuildPhase section */

/* Begin PBXSourcesBuildPhase section */
		34C78E1A28A629B100FCEF0D /* Sources */ = {
			isa = PBXSourcesBuildPhase;
			buildActionMask = 2147483647;
			files = (
				34C78E4228A661AE00FCEF0D /* Movie.swift in Sources */,
				34C78E4028A65FEA00FCEF0D /* Song.swift in Sources */,
				34C78E4628A666AB00FCEF0D /* MovieTableViewCell.swift in Sources */,
				34C78E3B28A659C500FCEF0D /* MovieTableViewController.swift in Sources */,
				34C78E3E28A65F1400FCEF0D /* DataManager.swift in Sources */,
				34C78E3928A659B500FCEF0D /* TrackTableViewController.swift in Sources */,
				34F6FEED28ABBF040016C26F /* MovieDetailViewController.swift in Sources */,
				34C78E2228A629B100FCEF0D /* AppDelegate.swift in Sources */,
				34C78E2428A629B100FCEF0D /* SceneDelegate.swift in Sources */,
				34C78E4428A6634B00FCEF0D /* DetailViewController.swift in Sources */,
			);
			runOnlyForDeploymentPostprocessing = 0;
		};
/* End PBXSourcesBuildPhase section */

/* Begin PBXVariantGroup section */
		34C78E2728A629B100FCEF0D /* Main.storyboard */ = {
			isa = PBXVariantGroup;
			children = (
				34C78E2828A629B100FCEF0D /* Base */,
			);
			name = Main.storyboard;
			sourceTree = "<group>";
		};
		34C78E2C28A629B400FCEF0D /* LaunchScreen.storyboard */ = {
			isa = PBXVariantGroup;
			children = (
				34C78E2D28A629B400FCEF0D /* Base */,
			);
			name = LaunchScreen.storyboard;
			sourceTree = "<group>";
		};
/* End PBXVariantGroup section */

/* Begin XCBuildConfiguration section */
		34C78E3028A629B400FCEF0D /* Debug */ = {
			isa = XCBuildConfiguration;
			buildSettings = {
				ALWAYS_SEARCH_USER_PATHS = NO;
				CLANG_ANALYZER_NONNULL = YES;
				CLANG_ANALYZER_NUMBER_OBJECT_CONVERSION = YES_AGGRESSIVE;
				CLANG_CXX_LANGUAGE_STANDARD = "gnu++17";
				CLANG_ENABLE_MODULES = YES;
				CLANG_ENABLE_OBJC_ARC = YES;
				CLANG_ENABLE_OBJC_WEAK = YES;
				CLANG_WARN_BLOCK_CAPTURE_AUTORELEASING = YES;
				CLANG_WARN_BOOL_CONVERSION = YES;
				CLANG_WARN_COMMA = YES;
				CLANG_WARN_CONSTANT_CONVERSION = YES;
				CLANG_WARN_DEPRECATED_OBJC_IMPLEMENTATIONS = YES;
				CLANG_WARN_DIRECT_OBJC_ISA_USAGE = YES_ERROR;
				CLANG_WARN_DOCUMENTATION_COMMENTS = YES;
				CLANG_WARN_EMPTY_BODY = YES;
				CLANG_WARN_ENUM_CONVERSION = YES;
				CLANG_WARN_INFINITE_RECURSION = YES;
				CLANG_WARN_INT_CONVERSION = YES;
				CLANG_WARN_NON_LITERAL_NULL_CONVERSION = YES;
				CLANG_WARN_OBJC_IMPLICIT_RETAIN_SELF = YES;
				CLANG_WARN_OBJC_LITERAL_CONVERSION = YES;
				CLANG_WARN_OBJC_ROOT_CLASS = YES_ERROR;
				CLANG_WARN_QUOTED_INCLUDE_IN_FRAMEWORK_HEADER = YES;
				CLANG_WARN_RANGE_LOOP_ANALYSIS = YES;
				CLANG_WARN_STRICT_PROTOTYPES = YES;
				CLANG_WARN_SUSPICIOUS_MOVE = YES;
				CLANG_WARN_UNGUARDED_AVAILABILITY = YES_AGGRESSIVE;
				CLANG_WARN_UNREACHABLE_CODE = YES;
				CLANG_WARN__DUPLICATE_METHOD_MATCH = YES;
				COPY_PHASE_STRIP = NO;
				DEBUG_INFORMATION_FORMAT = dwarf;
				ENABLE_STRICT_OBJC_MSGSEND = YES;
				ENABLE_TESTABILITY = YES;
				GCC_C_LANGUAGE_STANDARD = gnu11;
				GCC_DYNAMIC_NO_PIC = NO;
				GCC_NO_COMMON_BLOCKS = YES;
				GCC_OPTIMIZATION_LEVEL = 0;
				GCC_PREPROCESSOR_DEFINITIONS = (
					"DEBUG=1",
					"$(inherited)",
				);
				GCC_WARN_64_TO_32_BIT_CONVERSION = YES;
				GCC_WARN_ABOUT_RETURN_TYPE = YES_ERROR;
				GCC_WARN_UNDECLARED_SELECTOR = YES;
				GCC_WARN_UNINITIALIZED_AUTOS = YES_AGGRESSIVE;
				GCC_WARN_UNUSED_FUNCTION = YES;
				GCC_WARN_UNUSED_VARIABLE = YES;
				IPHONEOS_DEPLOYMENT_TARGET = 15.5;
				MTL_ENABLE_DEBUG_INFO = INCLUDE_SOURCE;
				MTL_FAST_MATH = YES;
				ONLY_ACTIVE_ARCH = YES;
				SDKROOT = iphoneos;
				SWIFT_ACTIVE_COMPILATION_CONDITIONS = DEBUG;
				SWIFT_OPTIMIZATION_LEVEL = "-Onone";
			};
			name = Debug;
		};
		34C78E3128A629B400FCEF0D /* Release */ = {
			isa = XCBuildConfiguration;
			buildSettings = {
				ALWAYS_SEARCH_USER_PATHS = NO;
				CLANG_ANALYZER_NONNULL = YES;
				CLANG_ANALYZER_NUMBER_OBJECT_CONVERSION = YES_AGGRESSIVE;
				CLANG_CXX_LANGUAGE_STANDARD = "gnu++17";
				CLANG_ENABLE_MODULES = YES;
				CLANG_ENABLE_OBJC_ARC = YES;
				CLANG_ENABLE_OBJC_WEAK = YES;
				CLANG_WARN_BLOCK_CAPTURE_AUTORELEASING = YES;
				CLANG_WARN_BOOL_CONVERSION = YES;
				CLANG_WARN_COMMA = YES;
				CLANG_WARN_CONSTANT_CONVERSION = YES;
				CLANG_WARN_DEPRECATED_OBJC_IMPLEMENTATIONS = YES;
				CLANG_WARN_DIRECT_OBJC_ISA_USAGE = YES_ERROR;
				CLANG_WARN_DOCUMENTATION_COMMENTS = YES;
				CLANG_WARN_EMPTY_BODY = YES;
				CLANG_WARN_ENUM_CONVERSION = YES;
				CLANG_WARN_INFINITE_RECURSION = YES;
				CLANG_WARN_INT_CONVERSION = YES;
				CLANG_WARN_NON_LITERAL_NULL_CONVERSION = YES;
				CLANG_WARN_OBJC_IMPLICIT_RETAIN_SELF = YES;
				CLANG_WARN_OBJC_LITERAL_CONVERSION = YES;
				CLANG_WARN_OBJC_ROOT_CLASS = YES_ERROR;
				CLANG_WARN_QUOTED_INCLUDE_IN_FRAMEWORK_HEADER = YES;
				CLANG_WARN_RANGE_LOOP_ANALYSIS = YES;
				CLANG_WARN_STRICT_PROTOTYPES = YES;
				CLANG_WARN_SUSPICIOUS_MOVE = YES;
				CLANG_WARN_UNGUARDED_AVAILABILITY = YES_AGGRESSIVE;
				CLANG_WARN_UNREACHABLE_CODE = YES;
				CLANG_WARN__DUPLICATE_METHOD_MATCH = YES;
				COPY_PHASE_STRIP = NO;
				DEBUG_INFORMATION_FORMAT = "dwarf-with-dsym";
				ENABLE_NS_ASSERTIONS = NO;
				ENABLE_STRICT_OBJC_MSGSEND = YES;
				GCC_C_LANGUAGE_STANDARD = gnu11;
				GCC_NO_COMMON_BLOCKS = YES;
				GCC_WARN_64_TO_32_BIT_CONVERSION = YES;
				GCC_WARN_ABOUT_RETURN_TYPE = YES_ERROR;
				GCC_WARN_UNDECLARED_SELECTOR = YES;
				GCC_WARN_UNINITIALIZED_AUTOS = YES_AGGRESSIVE;
				GCC_WARN_UNUSED_FUNCTION = YES;
				GCC_WARN_UNUSED_VARIABLE = YES;
				IPHONEOS_DEPLOYMENT_TARGET = 15.5;
				MTL_ENABLE_DEBUG_INFO = NO;
				MTL_FAST_MATH = YES;
				SDKROOT = iphoneos;
				SWIFT_COMPILATION_MODE = wholemodule;
				SWIFT_OPTIMIZATION_LEVEL = "-O";
				VALIDATE_PRODUCT = YES;
			};
			name = Release;
		};
		34C78E3328A629B400FCEF0D /* Debug */ = {
			isa = XCBuildConfiguration;
			buildSettings = {
				ASSETCATALOG_COMPILER_APPICON_NAME = AppIcon;
				ASSETCATALOG_COMPILER_GLOBAL_ACCENT_COLOR_NAME = AccentColor;
				CODE_SIGN_STYLE = Automatic;
				CURRENT_PROJECT_VERSION = 1;
				GENERATE_INFOPLIST_FILE = YES;
				INFOPLIST_FILE = TableList/Info.plist;
				INFOPLIST_KEY_UIApplicationSupportsIndirectInputEvents = YES;
				INFOPLIST_KEY_UILaunchStoryboardName = LaunchScreen;
				INFOPLIST_KEY_UIMainStoryboardFile = Main;
				INFOPLIST_KEY_UISupportedInterfaceOrientations_iPad = "UIInterfaceOrientationPortrait UIInterfaceOrientationPortraitUpsideDown UIInterfaceOrientationLandscapeLeft UIInterfaceOrientationLandscapeRight";
				INFOPLIST_KEY_UISupportedInterfaceOrientations_iPhone = "UIInterfaceOrientationPortrait UIInterfaceOrientationLandscapeLeft UIInterfaceOrientationLandscapeRight";
				LD_RUNPATH_SEARCH_PATHS = (
					"$(inherited)",
					"@executable_path/Frameworks",
				);
				MARKETING_VERSION = 1.0;
				PRODUCT_BUNDLE_IDENTIFIER = com.ValtersSteinblums.TableList;
				PRODUCT_NAME = "$(TARGET_NAME)";
				SWIFT_EMIT_LOC_STRINGS = YES;
				SWIFT_VERSION = 5.0;
				TARGETED_DEVICE_FAMILY = "1,2";
			};
			name = Debug;
		};
		34C78E3428A629B400FCEF0D /* Release */ = {
			isa = XCBuildConfiguration;
			buildSettings = {
				ASSETCATALOG_COMPILER_APPICON_NAME = AppIcon;
				ASSETCATALOG_COMPILER_GLOBAL_ACCENT_COLOR_NAME = AccentColor;
				CODE_SIGN_STYLE = Automatic;
				CURRENT_PROJECT_VERSION = 1;
				GENERATE_INFOPLIST_FILE = YES;
				INFOPLIST_FILE = TableList/Info.plist;
				INFOPLIST_KEY_UIApplicationSupportsIndirectInputEvents = YES;
				INFOPLIST_KEY_UILaunchStoryboardName = LaunchScreen;
				INFOPLIST_KEY_UIMainStoryboardFile = Main;
				INFOPLIST_KEY_UISupportedInterfaceOrientations_iPad = "UIInterfaceOrientationPortrait UIInterfaceOrientationPortraitUpsideDown UIInterfaceOrientationLandscapeLeft UIInterfaceOrientationLandscapeRight";
				INFOPLIST_KEY_UISupportedInterfaceOrientations_iPhone = "UIInterfaceOrientationPortrait UIInterfaceOrientationLandscapeLeft UIInterfaceOrientationLandscapeRight";
				LD_RUNPATH_SEARCH_PATHS = (
					"$(inherited)",
					"@executable_path/Frameworks",
				);
				MARKETING_VERSION = 1.0;
				PRODUCT_BUNDLE_IDENTIFIER = com.ValtersSteinblums.TableList;
				PRODUCT_NAME = "$(TARGET_NAME)";
				SWIFT_EMIT_LOC_STRINGS = YES;
				SWIFT_VERSION = 5.0;
				TARGETED_DEVICE_FAMILY = "1,2";
			};
			name = Release;
		};
/* End XCBuildConfiguration section */

/* Begin XCConfigurationList section */
		34C78E1928A629B100FCEF0D /* Build configuration list for PBXProject "TableList" */ = {
			isa = XCConfigurationList;
			buildConfigurations = (
				34C78E3028A629B400FCEF0D /* Debug */,
				34C78E3128A629B400FCEF0D /* Release */,
			);
			defaultConfigurationIsVisible = 0;
			defaultConfigurationName = Release;
		};
		34C78E3228A629B400FCEF0D /* Build configuration list for PBXNativeTarget "TableList" */ = {
			isa = XCConfigurationList;
			buildConfigurations = (
				34C78E3328A629B400FCEF0D /* Debug */,
				34C78E3428A629B400FCEF0D /* Release */,
			);
			defaultConfigurationIsVisible = 0;
			defaultConfigurationName = Release;
		};
/* End XCConfigurationList section */
	};
	rootObject = 34C78E1628A629B100FCEF0D /* Project object */;
}
